
Microsoft Visual Studio Solution File, Format Version 12.00
# Visual Studio 14
VisualStudioVersion = 14.0.25420.1
MinimumVisualStudioVersion = 10.0.40219.1
Project("{FAE04EC0-301F-11D3-BF4B-00C04F79EFBC}") = "TeduShop.Common", "TeduShop.Common\TeduShop.Common.csproj", "{07E47B55-0398-4BC0-9A61-F7B1ADCF8F3B}"
EndProject
Project("{FAE04EC0-301F-11D3-BF4B-00C04F79EFBC}") = "TeduShop.Data", "TeduShop.Data\TeduShop.Data.csproj", "{E48ACDF1-04C2-4934-BA63-F0C275A8024A}"
EndProject
Project("{FAE04EC0-301F-11D3-BF4B-00C04F79EFBC}") = "TeduShop.Model", "TeduShop.Model\TeduShop.Model.csproj", "{39DB3387-B70A-4C34-B656-9EFBC33C0173}"
EndProject
Project("{FAE04EC0-301F-11D3-BF4B-00C04F79EFBC}") = "TeduShop.Service", "TeduShop.Service\TeduShop.Service.csproj", "{3D5E7A24-83F9-4DE2-BAAF-62DD3EB546F2}"
EndProject
Project("{FAE04EC0-301F-11D3-BF4B-00C04F79EFBC}") = "TeduShop.Web", "TeduShop.Web\TeduShop.Web.csproj", "{6FAB51E6-C932-49D3-B321-02237A08D9FC}"
EndProject
Project("{FAE04EC0-301F-11D3-BF4B-00C04F79EFBC}") = "TeduShop.UnitTest", "TeduShop.UnitTest\TeduShop.UnitTest.csproj", "{D43B3D56-0FEE-4813-B206-B40657B94B87}"
EndProject
Global
	GlobalSection(SolutionConfigurationPlatforms) = preSolution
		Debug|Any CPU = Debug|Any CPU
		Release|Any CPU = Release|Any CPU
	EndGlobalSection
	GlobalSection(ProjectConfigurationPlatforms) = postSolution
		{07E47B55-0398-4BC0-9A61-F7B1ADCF8F3B}.Debug|Any CPU.ActiveCfg = Debug|Any CPU
		{07E47B55-0398-4BC0-9A61-F7B1ADCF8F3B}.Debug|Any CPU.Build.0 = Debug|Any CPU
		{07E47B55-0398-4BC0-9A61-F7B1ADCF8F3B}.Release|Any CPU.ActiveCfg = Release|Any CPU
		{07E47B55-0398-4BC0-9A61-F7B1ADCF8F3B}.Release|Any CPU.Build.0 = Release|Any CPU
		{E48ACDF1-04C2-4934-BA63-F0C275A8024A}.Debug|Any CPU.ActiveCfg = Debug|Any CPU
		{E48ACDF1-04C2-4934-BA63-F0C275A8024A}.Debug|Any CPU.Build.0 = Debug|Any CPU
		{E48ACDF1-04C2-4934-BA63-F0C275A8024A}.Release|Any CPU.ActiveCfg = Release|Any CPU
		{E48ACDF1-04C2-4934-BA63-F0C275A8024A}.Release|Any CPU.Build.0 = Release|Any CPU
		{39DB3387-B70A-4C34-B656-9EFBC33C0173}.Debug|Any CPU.ActiveCfg = Debug|Any CPU
		{39DB3387-B70A-4C34-B656-9EFBC33C0173}.Debug|Any CPU.Build.0 = Debug|Any CPU
		{39DB3387-B70A-4C34-B656-9EFBC33C0173}.Release|Any CPU.ActiveCfg = Release|Any CPU
		{39DB3387-B70A-4C34-B656-9EFBC33C0173}.Release|Any CPU.Build.0 = Release|Any CPU
		{3D5E7A24-83F9-4DE2-BAAF-62DD3EB546F2}.Debug|Any CPU.ActiveCfg = Debug|Any CPU
		{3D5E7A24-83F9-4DE2-BAAF-62DD3EB546F2}.Debug|Any CPU.Build.0 = Debug|Any CPU
		{3D5E7A24-83F9-4DE2-BAAF-62DD3EB546F2}.Release|Any CPU.ActiveCfg = Release|Any CPU
		{3D5E7A24-83F9-4DE2-BAAF-62DD3EB546F2}.Release|Any CPU.Build.0 = Release|Any CPU
		{6FAB51E6-C932-49D3-B321-02237A08D9FC}.Debug|Any CPU.ActiveCfg = Debug|Any CPU
		{6FAB51E6-C932-49D3-B321-02237A08D9FC}.Debug|Any CPU.Build.0 = Debug|Any CPU
		{6FAB51E6-C932-49D3-B321-02237A08D9FC}.Release|Any CPU.ActiveCfg = Release|Any CPU
		{6FAB51E6-C932-49D3-B321-02237A08D9FC}.Release|Any CPU.Build.0 = Release|Any CPU
		{D43B3D56-0FEE-4813-B206-B40657B94B87}.Debug|Any CPU.ActiveCfg = Debug|Any CPU
		{D43B3D56-0FEE-4813-B206-B40657B94B87}.Debug|Any CPU.Build.0 = Debug|Any CPU
		{D43B3D56-0FEE-4813-B206-B40657B94B87}.Release|Any CPU.ActiveCfg = Release|Any CPU
		{D43B3D56-0FEE-4813-B206-B40657B94B87}.Release|Any CPU.Build.0 = Release|Any CPU
	EndGlobalSection
	GlobalSection(SolutionProperties) = preSolution
		HideSolutionNode = FALSE
	EndGlobalSection
EndGlobal
